
Microsoft Visual Studio Solution File, Format Version 12.00
# Visual Studio Version 17
VisualStudioVersion = 17.0.31903.59
MinimumVisualStudioVersion = 10.0.40219.1
Project("{FAE04EC0-301F-11D3-BF4B-00C04F79EFBC}") = "Aula4", "Aula4\Aula4.csproj", "{C1934115-EC95-4B63-987C-FFA22A55900E}"
EndProject
Project("{2150E333-8FDC-42A3-9474-1A3956D46DE8}") = "Aula4", "Aula4", "{86FFF915-A70D-6D22-BBC9-936E523449E4}"
EndProject
Project("{FAE04EC0-301F-11D3-BF4B-00C04F79EFBC}") = "Aula_4", "Aula4\Aula_4\Aula_4.csproj", "{60B6D9B4-62F7-41C7-896F-2B1FFF4F0B07}"
EndProject
Project("{FAE04EC0-301F-11D3-BF4B-00C04F79EFBC}") = "ex3", "ex3\ex3.csproj", "{84B0BD86-5556-4BBE-84A1-069FCF33EF01}"
EndProject
Project("{FAE04EC0-301F-11D3-BF4B-00C04F79EFBC}") = "ConsoleApp1", "ConsoleApp1\ConsoleApp1.csproj", "{EFC59BBF-CF98-4563-AC40-BF977CA6A610}"
EndProject
Project("{FAE04EC0-301F-11D3-BF4B-00C04F79EFBC}") = "ex1", "ex1\ex1.csproj", "{C898CD83-55C2-4D2D-A688-1B379057384F}"
EndProject
Project("{FAE04EC0-301F-11D3-BF4B-00C04F79EFBC}") = "ex2", "ex2\ex2.csproj", "{6C9F4794-BA53-45A5-84D5-836D102852FF}"
EndProject
Global
	GlobalSection(SolutionConfigurationPlatforms) = preSolution
		Debug|Any CPU = Debug|Any CPU
		Debug|x64 = Debug|x64
		Debug|x86 = Debug|x86
		Release|Any CPU = Release|Any CPU
		Release|x64 = Release|x64
		Release|x86 = Release|x86
	EndGlobalSection
	GlobalSection(ProjectConfigurationPlatforms) = postSolution
		{C1934115-EC95-4B63-987C-FFA22A55900E}.Debug|Any CPU.ActiveCfg = Debug|Any CPU
		{C1934115-EC95-4B63-987C-FFA22A55900E}.Debug|Any CPU.Build.0 = Debug|Any CPU
		{C1934115-EC95-4B63-987C-FFA22A55900E}.Debug|x64.ActiveCfg = Debug|Any CPU
		{C1934115-EC95-4B63-987C-FFA22A55900E}.Debug|x64.Build.0 = Debug|Any CPU
		{C1934115-EC95-4B63-987C-FFA22A55900E}.Debug|x86.ActiveCfg = Debug|Any CPU
		{C1934115-EC95-4B63-987C-FFA22A55900E}.Debug|x86.Build.0 = Debug|Any CPU
		{C1934115-EC95-4B63-987C-FFA22A55900E}.Release|Any CPU.ActiveCfg = Release|Any CPU
		{C1934115-EC95-4B63-987C-FFA22A55900E}.Release|Any CPU.Build.0 = Release|Any CPU
		{C1934115-EC95-4B63-987C-FFA22A55900E}.Release|x64.ActiveCfg = Release|Any CPU
		{C1934115-EC95-4B63-987C-FFA22A55900E}.Release|x64.Build.0 = Release|Any CPU
		{C1934115-EC95-4B63-987C-FFA22A55900E}.Release|x86.ActiveCfg = Release|Any CPU
		{C1934115-EC95-4B63-987C-FFA22A55900E}.Release|x86.Build.0 = Release|Any CPU
		{60B6D9B4-62F7-41C7-896F-2B1FFF4F0B07}.Debug|Any CPU.ActiveCfg = Debug|Any CPU
		{60B6D9B4-62F7-41C7-896F-2B1FFF4F0B07}.Debug|Any CPU.Build.0 = Debug|Any CPU
		{60B6D9B4-62F7-41C7-896F-2B1FFF4F0B07}.Debug|x64.ActiveCfg = Debug|Any CPU
		{60B6D9B4-62F7-41C7-896F-2B1FFF4F0B07}.Debug|x64.Build.0 = Debug|Any CPU
		{60B6D9B4-62F7-41C7-896F-2B1FFF4F0B07}.Debug|x86.ActiveCfg = Debug|Any CPU
		{60B6D9B4-62F7-41C7-896F-2B1FFF4F0B07}.Debug|x86.Build.0 = Debug|Any CPU
		{60B6D9B4-62F7-41C7-896F-2B1FFF4F0B07}.Release|Any CPU.ActiveCfg = Release|Any CPU
		{60B6D9B4-62F7-41C7-896F-2B1FFF4F0B07}.Release|Any CPU.Build.0 = Release|Any CPU
		{60B6D9B4-62F7-41C7-896F-2B1FFF4F0B07}.Release|x64.ActiveCfg = Release|Any CPU
		{60B6D9B4-62F7-41C7-896F-2B1FFF4F0B07}.Release|x64.Build.0 = Release|Any CPU
		{60B6D9B4-62F7-41C7-896F-2B1FFF4F0B07}.Release|x86.ActiveCfg = Release|Any CPU
		{60B6D9B4-62F7-41C7-896F-2B1FFF4F0B07}.Release|x86.Build.0 = Release|Any CPU
		{84B0BD86-5556-4BBE-84A1-069FCF33EF01}.Debug|Any CPU.ActiveCfg = Debug|Any CPU
		{84B0BD86-5556-4BBE-84A1-069FCF33EF01}.Debug|Any CPU.Build.0 = Debug|Any CPU
		{84B0BD86-5556-4BBE-84A1-069FCF33EF01}.Debug|x64.ActiveCfg = Debug|Any CPU
		{84B0BD86-5556-4BBE-84A1-069FCF33EF01}.Debug|x64.Build.0 = Debug|Any CPU
		{84B0BD86-5556-4BBE-84A1-069FCF33EF01}.Debug|x86.ActiveCfg = Debug|Any CPU
		{84B0BD86-5556-4BBE-84A1-069FCF33EF01}.Debug|x86.Build.0 = Debug|Any CPU
		{84B0BD86-5556-4BBE-84A1-069FCF33EF01}.Release|Any CPU.ActiveCfg = Release|Any CPU
		{84B0BD86-5556-4BBE-84A1-069FCF33EF01}.Release|Any CPU.Build.0 = Release|Any CPU
		{84B0BD86-5556-4BBE-84A1-069FCF33EF01}.Release|x64.ActiveCfg = Release|Any CPU
		{84B0BD86-5556-4BBE-84A1-069FCF33EF01}.Release|x64.Build.0 = Release|Any CPU
		{84B0BD86-5556-4BBE-84A1-069FCF33EF01}.Release|x86.ActiveCfg = Release|Any CPU
		{84B0BD86-5556-4BBE-84A1-069FCF33EF01}.Release|x86.Build.0 = Release|Any CPU
		{EFC59BBF-CF98-4563-AC40-BF977CA6A610}.Debug|Any CPU.ActiveCfg = Debug|Any CPU
		{EFC59BBF-CF98-4563-AC40-BF977CA6A610}.Debug|Any CPU.Build.0 = Debug|Any CPU
		{EFC59BBF-CF98-4563-AC40-BF977CA6A610}.Debug|x64.ActiveCfg = Debug|Any CPU
		{EFC59BBF-CF98-4563-AC40-BF977CA6A610}.Debug|x64.Build.0 = Debug|Any CPU
		{EFC59BBF-CF98-4563-AC40-BF977CA6A610}.Debug|x86.ActiveCfg = Debug|Any CPU
		{EFC59BBF-CF98-4563-AC40-BF977CA6A610}.Debug|x86.Build.0 = Debug|Any CPU
		{EFC59BBF-CF98-4563-AC40-BF977CA6A610}.Release|Any CPU.ActiveCfg = Release|Any CPU
		{EFC59BBF-CF98-4563-AC40-BF977CA6A610}.Release|Any CPU.Build.0 = Release|Any CPU
		{EFC59BBF-CF98-4563-AC40-BF977CA6A610}.Release|x64.ActiveCfg = Release|Any CPU
		{EFC59BBF-CF98-4563-AC40-BF977CA6A610}.Release|x64.Build.0 = Release|Any CPU
		{EFC59BBF-CF98-4563-AC40-BF977CA6A610}.Release|x86.ActiveCfg = Release|Any CPU
		{EFC59BBF-CF98-4563-AC40-BF977CA6A610}.Release|x86.Build.0 = Release|Any CPU
		{C898CD83-55C2-4D2D-A688-1B379057384F}.Debug|Any CPU.ActiveCfg = Debug|Any CPU
		{C898CD83-55C2-4D2D-A688-1B379057384F}.Debug|Any CPU.Build.0 = Debug|Any CPU
		{C898CD83-55C2-4D2D-A688-1B379057384F}.Debug|x64.ActiveCfg = Debug|Any CPU
		{C898CD83-55C2-4D2D-A688-1B379057384F}.Debug|x64.Build.0 = Debug|Any CPU
		{C898CD83-55C2-4D2D-A688-1B379057384F}.Debug|x86.ActiveCfg = Debug|Any CPU
		{C898CD83-55C2-4D2D-A688-1B379057384F}.Debug|x86.Build.0 = Debug|Any CPU
		{C898CD83-55C2-4D2D-A688-1B379057384F}.Release|Any CPU.ActiveCfg = Release|Any CPU
		{C898CD83-55C2-4D2D-A688-1B379057384F}.Release|Any CPU.Build.0 = Release|Any CPU
		{C898CD83-55C2-4D2D-A688-1B379057384F}.Release|x64.ActiveCfg = Release|Any CPU
		{C898CD83-55C2-4D2D-A688-1B379057384F}.Release|x64.Build.0 = Release|Any CPU
		{C898CD83-55C2-4D2D-A688-1B379057384F}.Release|x86.ActiveCfg = Release|Any CPU
		{C898CD83-55C2-4D2D-A688-1B379057384F}.Release|x86.Build.0 = Release|Any CPU
		{6C9F4794-BA53-45A5-84D5-836D102852FF}.Debug|Any CPU.ActiveCfg = Debug|Any CPU
		{6C9F4794-BA53-45A5-84D5-836D102852FF}.Debug|Any CPU.Build.0 = Debug|Any CPU
		{6C9F4794-BA53-45A5-84D5-836D102852FF}.Debug|x64.ActiveCfg = Debug|Any CPU
		{6C9F4794-BA53-45A5-84D5-836D102852FF}.Debug|x64.Build.0 = Debug|Any CPU
		{6C9F4794-BA53-45A5-84D5-836D102852FF}.Debug|x86.ActiveCfg = Debug|Any CPU
		{6C9F4794-BA53-45A5-84D5-836D102852FF}.Debug|x86.Build.0 = Debug|Any CPU
		{6C9F4794-BA53-45A5-84D5-836D102852FF}.Release|Any CPU.ActiveCfg = Release|Any CPU
		{6C9F4794-BA53-45A5-84D5-836D102852FF}.Release|Any CPU.Build.0 = Release|Any CPU
		{6C9F4794-BA53-45A5-84D5-836D102852FF}.Release|x64.ActiveCfg = Release|Any CPU
		{6C9F4794-BA53-45A5-84D5-836D102852FF}.Release|x64.Build.0 = Release|Any CPU
		{6C9F4794-BA53-45A5-84D5-836D102852FF}.Release|x86.ActiveCfg = Release|Any CPU
		{6C9F4794-BA53-45A5-84D5-836D102852FF}.Release|x86.Build.0 = Release|Any CPU
	EndGlobalSection
	GlobalSection(SolutionProperties) = preSolution
		HideSolutionNode = FALSE
	EndGlobalSection
	GlobalSection(NestedProjects) = preSolution
		{60B6D9B4-62F7-41C7-896F-2B1FFF4F0B07} = {86FFF915-A70D-6D22-BBC9-936E523449E4}
	EndGlobalSection
EndGlobal
